
Microsoft Visual Studio Solution File, Format Version 12.00
# Visual Studio 15
VisualStudioVersion = 15.0.28010.2016
MinimumVisualStudioVersion = 10.0.40219.1
Project("{FAE04EC0-301F-11D3-BF4B-00C04F79EFBC}") = "WebApplication1", "WebApplication1\WebApplication1.csproj", "{056DD8B9-1F66-427F-B48E-8AA1730998B7}"
EndProject
Global
	GlobalSection(SolutionConfigurationPlatforms) = preSolution
		Debug|Any CPU = Debug|Any CPU
		Release|Any CPU = Release|Any CPU
	EndGlobalSection
	GlobalSection(ProjectConfigurationPlatforms) = postSolution
		{056DD8B9-1F66-427F-B48E-8AA1730998B7}.Debug|Any CPU.ActiveCfg = Debug|Any CPU
		{056DD8B9-1F66-427F-B48E-8AA1730998B7}.Debug|Any CPU.Build.0 = Debug|Any CPU
		{056DD8B9-1F66-427F-B48E-8AA1730998B7}.Release|Any CPU.ActiveCfg = Release|Any CPU
		{056DD8B9-1F66-427F-B48E-8AA1730998B7}.Release|Any CPU.Build.0 = Release|Any CPU
	EndGlobalSection
	GlobalSection(SolutionProperties) = preSolution
		HideSolutionNode = FALSE
	EndGlobalSection
	GlobalSection(ExtensibilityGlobals) = postSolution
		SolutionGuid = {AE23DF5F-B47E-4225-8E3F-0FDDAFF788D0}
	EndGlobalSection
EndGlobal
